# THIS IS AN AUTOGENERATED FILE. DO NOT EDIT THIS FILE DIRECTLY.
# yarn lockfile v1


"@babel/runtime@^7.17.9":
  version "7.20.7"
  resolved "https://registry.yarnpkg.com/@babel/runtime/-/runtime-7.20.7.tgz#fcb41a5a70550e04a7b708037c7c32f7f356d8fd"
  integrity sha512-UF0tvkUtxwAgZ5W/KrkHf0Rn0fdnLDU9ScxBrEVNUprE/MzirjK4MJUX1/BVDv00Sv8cljtukVK1aky++X1SjQ==
  dependencies:
    regenerator-runtime "^0.13.11"

"@hcaptcha/react-hcaptcha@^1.4.4":
  version "1.4.4"
  resolved "https://registry.yarnpkg.com/@hcaptcha/react-hcaptcha/-/react-hcaptcha-1.4.4.tgz#529c55369160995115735b5fe5453daef4670f04"
  integrity sha512-Aen217LDnf5ywbPSwBG5CsoqBLIHIAS9lhj3zQjXJuO13doQ6/ubkCWNuY8jmwYLefoFt3V3MrZmCdKDaFoTuQ==
  dependencies:
    "@babel/runtime" "^7.17.9"

"@remix-run/router@1.2.1":
  version "1.2.1"
  resolved "https://registry.yarnpkg.com/@remix-run/router/-/router-1.2.1.tgz#812edd4104a15a493dda1ccac0b352270d7a188c"
  integrity sha512-XiY0IsyHR+DXYS5vBxpoBe/8veTeoRpMHP+vDosLZxL5bnpetzI0igkxkLZS235ldLzyfkxF+2divEwWHP3vMQ==

"@types/prop-types@*":
  version "15.7.5"
  resolved "https://registry.yarnpkg.com/@types/prop-types/-/prop-types-15.7.5.tgz#5f19d2b85a98e9558036f6a3cacc8819420f05cf"
  integrity sha512-JCB8C6SnDoQf0cNycqd/35A7MjcnK+ZTqE7judS6o7utxUCg6imJg3QK2qzHKszlTjcj2cn+NwMB2i96ubpj7w==

"@types/react-dom@^18.0.10":
  version "18.0.10"
  resolved "https://registry.yarnpkg.com/@types/react-dom/-/react-dom-18.0.10.tgz#3b66dec56aa0f16a6cc26da9e9ca96c35c0b4352"
  integrity sha512-E42GW/JA4Qv15wQdqJq8DL4JhNpB3prJgjgapN3qJT9K2zO5IIAQh4VXvCEDupoqAwnz0cY4RlXeC/ajX5SFHg==
  dependencies:
    "@types/react" "*"

"@types/react@*", "@types/react@^18.0.26":
  version "18.0.26"
  resolved "https://registry.yarnpkg.com/@types/react/-/react-18.0.26.tgz#8ad59fc01fef8eaf5c74f4ea392621749f0b7917"
  integrity sha512-hCR3PJQsAIXyxhTNSiDFY//LhnMZWpNNr5etoCqx/iUfGc5gXWtQR2Phl908jVR6uPXacojQWTg4qRpkxTuGug==
  dependencies:
    "@types/prop-types" "*"
    "@types/scheduler" "*"
    csstype "^3.0.2"

"@types/scheduler@*":
  version "0.16.2"
  resolved "https://registry.yarnpkg.com/@types/scheduler/-/scheduler-0.16.2.tgz#1a62f89525723dde24ba1b01b092bf5df8ad4d39"
  integrity sha512-hppQEBDmlwhFAXKJX2KnWLYu5yMfi91yazPb2l+lbJiwW+wdo1gNeRA+3RgNSO39WYX2euey41KEwnqesU2Jew==

csstype@^3.0.2:
  version "3.1.1"
  resolved "https://registry.yarnpkg.com/csstype/-/csstype-3.1.1.tgz#841b532c45c758ee546a11d5bd7b7b473c8c30b9"
  integrity sha512-DJR/VvkAvSZW9bTouZue2sSxDwdTN92uHjqeKVm+0dAqdfNykRzQ95tay8aXMBAAPpUiq4Qcug2L7neoRh2Egw==

"js-tokens@^3.0.0 || ^4.0.0":
  version "4.0.0"
  resolved "https://registry.yarnpkg.com/js-tokens/-/js-tokens-4.0.0.tgz#19203fb59991df98e3a287050d4647cdeaf32499"
  integrity sha512-RdJUflcE3cUzKiMqQgsCu06FPu9UdIJO0beYbPhHN4k6apgJtifcoCtT9bcxOpYBtpD2kCM6Sbzg4CausW/PKQ==

loose-envify@^1.1.0:
  version "1.4.0"
  resolved "https://registry.yarnpkg.com/loose-envify/-/loose-envify-1.4.0.tgz#71ee51fa7be4caec1a63839f7e682d8132d30caf"
  integrity sha512-lyuxPGr/Wfhrlem2CL/UcnUc1zcqKAImBDzukY7Y5F/yQiNdko6+fRLevlw1HgMySw7f611UIY408EtxRSoK3Q==
  dependencies:
    js-tokens "^3.0.0 || ^4.0.0"

react-dom@^18.2.0:
  version "18.2.0"
  resolved "https://registry.yarnpkg.com/react-dom/-/react-dom-18.2.0.tgz#22aaf38708db2674ed9ada224ca4aa708d821e3d"
  integrity sha512-6IMTriUmvsjHUjNtEDudZfuDQUoWXVxKHhlEGSk81n4YFS+r/Kl99wXiwlVXtPBtJenozv2P+hxDsw9eA7Xo6g==
  dependencies:
    loose-envify "^1.1.0"
    scheduler "^0.23.0"

react-router-dom@^6.6.1:
  version "6.6.1"
  resolved "https://registry.yarnpkg.com/react-router-dom/-/react-router-dom-6.6.1.tgz#1b96ec0b2cefa7319f1251383ea5b41295ee260d"
  integrity sha512-u+8BKUtelStKbZD5UcY0NY90WOzktrkJJhyhNg7L0APn9t1qJNLowzrM9CHdpB6+rcPt6qQrlkIXsTvhuXP68g==
  dependencies:
    "@remix-run/router" "1.2.1"
    react-router "6.6.1"

react-router@6.6.1:
  version "6.6.1"
  resolved "https://registry.yarnpkg.com/react-router/-/react-router-6.6.1.tgz#17de6cf285f2d1c9721a3afca999c984e5558854"
  integrity sha512-YkvlYRusnI/IN0kDtosUCgxqHeulN5je+ew8W+iA1VvFhf86kA+JEI/X/8NqYcr11hCDDp906S+SGMpBheNeYQ==
  dependencies:
    "@remix-run/router" "1.2.1"

react-type-animation@^2.1.2:
  version "2.1.2"
  resolved "https://registry.yarnpkg.com/react-type-animation/-/react-type-animation-2.1.2.tgz#9a67c87e8e7a5e4ca3411e30cd2fa308365307a4"
  integrity sha512-6/t4Whl87sLR0c8kzvJngTrCV6OVy3jEeUZoe2svVu9VaYr951VD7OeUie1rIyeD8JfpBIqZGYrPFHZQ04XHrw==

react@^18.2.0:
  version "18.2.0"
  resolved "https://registry.yarnpkg.com/react/-/react-18.2.0.tgz#555bd98592883255fa00de14f1151a917b5d77d5"
  integrity sha512-/3IjMdb2L9QbBdWiW5e3P2/npwMBaU9mHCSCUzNln0ZCYbcfTsGbTJrU/kGemdH2IWmB2ioZ+zkxtmq6g09fGQ==
  dependencies:
    loose-envify "^1.1.0"

regenerator-runtime@^0.13.11:
  version "0.13.11"
  resolved "https://registry.yarnpkg.com/regenerator-runtime/-/regenerator-runtime-0.13.11.tgz#f6dca3e7ceec20590d07ada785636a90cdca17f9"
  integrity sha512-kY1AZVr2Ra+t+piVaJ4gxaFaReZVH40AKNo7UCX6W+dEwBo/2oZJzqfuN1qLq1oL45o56cPaTXELwrTh8Fpggg==

scheduler@^0.23.0:
  version "0.23.0"
  resolved "https://registry.yarnpkg.com/scheduler/-/scheduler-0.23.0.tgz#ba8041afc3d30eb206a487b6b384002e4e61fdfe"
  integrity sha512-CtuThmgHNg7zIZWAXi3AsyIzA3n4xx7aNyjwC2VJldO2LMVDhFK+63xGqq6CsJH4rTAt6/M+N4GhZiDYPx9eUw==
  dependencies:
    loose-envify "^1.1.0"

typescript@^4.9.4:
  version "4.9.4"
  resolved "https://registry.yarnpkg.com/typescript/-/typescript-4.9.4.tgz#a2a3d2756c079abda241d75f149df9d561091e78"
  integrity sha512-Uz+dTXYzxXXbsFpM86Wh3dKCxrQqUcVMxwU54orwlJjOpO3ao8L7j5lH+dWfTwgCwIuM9GQ2kvVotzYJMXTBZg==
